
Microsoft Visual Studio Solution File, Format Version 12.00
# Visual Studio Version 17
VisualStudioVersion = 17.3.32901.215
MinimumVisualStudioVersion = 10.0.40219.1
Project("{FAE04EC0-301F-11D3-BF4B-00C04F79EFBC}") = "OOP Collection generics", "OOP Collection generics\OOP Collection generics.csproj", "{771B747D-C34D-48D3-BE84-10DE6F53E7BC}"
EndProject
Global
	GlobalSection(SolutionConfigurationPlatforms) = preSolution
		Debug|Any CPU = Debug|Any CPU
		Release|Any CPU = Release|Any CPU
	EndGlobalSection
	GlobalSection(ProjectConfigurationPlatforms) = postSolution
		{771B747D-C34D-48D3-BE84-10DE6F53E7BC}.Debug|Any CPU.ActiveCfg = Debug|Any CPU
		{771B747D-C34D-48D3-BE84-10DE6F53E7BC}.Debug|Any CPU.Build.0 = Debug|Any CPU
		{771B747D-C34D-48D3-BE84-10DE6F53E7BC}.Release|Any CPU.ActiveCfg = Release|Any CPU
		{771B747D-C34D-48D3-BE84-10DE6F53E7BC}.Release|Any CPU.Build.0 = Release|Any CPU
	EndGlobalSection
	GlobalSection(SolutionProperties) = preSolution
		HideSolutionNode = FALSE
	EndGlobalSection
	GlobalSection(ExtensibilityGlobals) = postSolution
		SolutionGuid = {E8D014BB-331C-4D2C-8E69-D96FBE38DAED}
	EndGlobalSection
EndGlobal
